<Solution>
  <Folder Name="/src/">
    <Project Path="src/CircloApp.API/CircloApp.API.csproj" />
    <Project Path="src/CircloApp.Application/CircloApp.Application.csproj" />
    <Project Path="src/CircloApp.Domain/CircloApp.Domain.csproj" />
    <Project Path="src/CircloApp.Infrastructure/CircloApp.Infrastructure.csproj" />
    <Project Path="src/CircloApp.Shared/CircloApp.Shared.csproj" />
  </Folder>
  <Folder Name="/tests/">
    <Project Path="tests/CircloApp.API.Tests/CircloApp.API.Tests.csproj" Id="b08a1b2a-a8c0-479d-849b-5ef2f4dfcb48" />
    <Project Path="tests/CircloApp.Application.Tests/CircloApp.Application.Tests.csproj" Id="16418988-40e9-4a05-a09d-6764bdcb5b2f" />
    <Project Path="tests/CircloApp.Domain.Tests/CircloApp.Domain.Tests.csproj" Id="708b383c-eeaf-4150-b583-a2a0e8a93309" />
  </Folder>
</Solution>
